
Microsoft Visual Studio Solution File, Format Version 12.00
# Visual Studio 2015
Project("{FAE04EC0-301F-11D3-BF4B-00C04F79EFBC}") = "OMG Defend the Earth with Lasers.CSharp", "OMG Defend the Earth with Lasers.CSharp.csproj", "{7C2C3907-95C1-CB61-3351-52694E80ACE6}"
EndProject
Global
	GlobalSection(SolutionConfigurationPlatforms) = preSolution
		Debug|Any CPU = Debug|Any CPU
		Release|Any CPU = Release|Any CPU
	EndGlobalSection
	GlobalSection(ProjectConfigurationPlatforms) = postSolution
		{7C2C3907-95C1-CB61-3351-52694E80ACE6}.Debug|Any CPU.ActiveCfg = Debug|Any CPU
		{7C2C3907-95C1-CB61-3351-52694E80ACE6}.Debug|Any CPU.Build.0 = Debug|Any CPU
		{7C2C3907-95C1-CB61-3351-52694E80ACE6}.Release|Any CPU.ActiveCfg = Release|Any CPU
		{7C2C3907-95C1-CB61-3351-52694E80ACE6}.Release|Any CPU.Build.0 = Release|Any CPU
	EndGlobalSection
	GlobalSection(SolutionProperties) = preSolution
		HideSolutionNode = FALSE
	EndGlobalSection
EndGlobal
